
Microsoft Visual Studio Solution File, Format Version 12.00
# Visual Studio Version 17
VisualStudioVersion = 17.0.31903.59
MinimumVisualStudioVersion = 10.0.40219.1
Project("{2150E333-8FDC-42A3-9474-1A3956D46DE8}") = "src", "src", "{32F38226-F444-47A4-8713-50EFB2FC4A3A}"
EndProject
Project("{FAE04EC0-301F-11D3-BF4B-00C04F79EFBC}") = "IndicateurVerrouTouche", "src\IndicateurVerrouTouche\IndicateurVerrouTouche.csproj", "{9AA3FC5B-6383-4361-AC8D-08E32E71EF78}"
EndProject
Project("{2150E333-8FDC-42A3-9474-1A3956D46DE8}") = "tests", "tests", "{16BD5737-AFEE-4D16-91A4-592DBB61EDB3}"
EndProject
Project("{FAE04EC0-301F-11D3-BF4B-00C04F79EFBC}") = "IndicateurVerrouTouche.Tests", "tests\IndicateurVerrouTouche.Tests\IndicateurVerrouTouche.Tests.csproj", "{F4C2B8E7-25A3-4038-BE06-04B6B02A9168}"
EndProject
Global
	GlobalSection(SolutionConfigurationPlatforms) = preSolution
		Debug|Any CPU = Debug|Any CPU
		Release|Any CPU = Release|Any CPU
	EndGlobalSection
	GlobalSection(SolutionProperties) = preSolution
		HideSolutionNode = FALSE
	EndGlobalSection
	GlobalSection(ProjectConfigurationPlatforms) = postSolution
		{9AA3FC5B-6383-4361-AC8D-08E32E71EF78}.Debug|Any CPU.ActiveCfg = Debug|Any CPU
		{9AA3FC5B-6383-4361-AC8D-08E32E71EF78}.Debug|Any CPU.Build.0 = Debug|Any CPU
		{9AA3FC5B-6383-4361-AC8D-08E32E71EF78}.Release|Any CPU.ActiveCfg = Release|Any CPU
		{9AA3FC5B-6383-4361-AC8D-08E32E71EF78}.Release|Any CPU.Build.0 = Release|Any CPU
		{F4C2B8E7-25A3-4038-BE06-04B6B02A9168}.Debug|Any CPU.ActiveCfg = Debug|Any CPU
		{F4C2B8E7-25A3-4038-BE06-04B6B02A9168}.Debug|Any CPU.Build.0 = Debug|Any CPU
		{F4C2B8E7-25A3-4038-BE06-04B6B02A9168}.Release|Any CPU.ActiveCfg = Release|Any CPU
		{F4C2B8E7-25A3-4038-BE06-04B6B02A9168}.Release|Any CPU.Build.0 = Release|Any CPU
	EndGlobalSection
	GlobalSection(NestedProjects) = preSolution
		{9AA3FC5B-6383-4361-AC8D-08E32E71EF78} = {32F38226-F444-47A4-8713-50EFB2FC4A3A}
		{F4C2B8E7-25A3-4038-BE06-04B6B02A9168} = {16BD5737-AFEE-4D16-91A4-592DBB61EDB3}
	EndGlobalSection
EndGlobal
